
Microsoft Visual Studio Solution File, Format Version 12.00
# Visual Studio Version 17
VisualStudioVersion = 17.8.34330.188
MinimumVisualStudioVersion = 10.0.40219.1
Project("{FAE04EC0-301F-11D3-BF4B-00C04F79EFBC}") = "AngularApp1.Server", "AngularApp1.Server\AngularApp1.Server.csproj", "{C9C0189B-1A5E-4FA2-B980-18C4B89D6D89}"
EndProject
Project("{54A90642-561A-4BB1-A94E-469ADEE60C69}") = "angularapp1.client", "angularapp1.client\angularapp1.client.esproj", "{2EE62930-E45A-4FE7-BFB4-23D2F2D1A234}"
EndProject
Global
	GlobalSection(SolutionConfigurationPlatforms) = preSolution
		Debug|Any CPU = Debug|Any CPU
		Release|Any CPU = Release|Any CPU
	EndGlobalSection
	GlobalSection(ProjectConfigurationPlatforms) = postSolution
		{C9C0189B-1A5E-4FA2-B980-18C4B89D6D89}.Debug|Any CPU.ActiveCfg = Debug|Any CPU
		{C9C0189B-1A5E-4FA2-B980-18C4B89D6D89}.Debug|Any CPU.Build.0 = Debug|Any CPU
		{C9C0189B-1A5E-4FA2-B980-18C4B89D6D89}.Release|Any CPU.ActiveCfg = Release|Any CPU
		{C9C0189B-1A5E-4FA2-B980-18C4B89D6D89}.Release|Any CPU.Build.0 = Release|Any CPU
		{2EE62930-E45A-4FE7-BFB4-23D2F2D1A234}.Debug|Any CPU.ActiveCfg = Debug|Any CPU
		{2EE62930-E45A-4FE7-BFB4-23D2F2D1A234}.Debug|Any CPU.Build.0 = Debug|Any CPU
		{2EE62930-E45A-4FE7-BFB4-23D2F2D1A234}.Debug|Any CPU.Deploy.0 = Debug|Any CPU
		{2EE62930-E45A-4FE7-BFB4-23D2F2D1A234}.Release|Any CPU.ActiveCfg = Release|Any CPU
		{2EE62930-E45A-4FE7-BFB4-23D2F2D1A234}.Release|Any CPU.Build.0 = Release|Any CPU
		{2EE62930-E45A-4FE7-BFB4-23D2F2D1A234}.Release|Any CPU.Deploy.0 = Release|Any CPU
	EndGlobalSection
	GlobalSection(SolutionProperties) = preSolution
		HideSolutionNode = FALSE
	EndGlobalSection
	GlobalSection(ExtensibilityGlobals) = postSolution
		SolutionGuid = {14A9D69F-B23B-4916-9135-633AF34854F6}
	EndGlobalSection
EndGlobal
